
Microsoft Visual Studio Solution File, Format Version 12.00
# Visual Studio 15
VisualStudioVersion = 15.0.27703.2035
MinimumVisualStudioVersion = 10.0.40219.1
Project("{FAE04EC0-301F-11D3-BF4B-00C04F79EFBC}") = "ControlWindow", "ControlWindow.csproj", "{B6FCDA78-B404-44BC-BBA1-DD295DE49F44}"
EndProject
Project("{FAE04EC0-301F-11D3-BF4B-00C04F79EFBC}") = "ControlWindowTester", "ControlWindowTester\ControlWindowTester.csproj", "{F1E366E9-5B39-49E3-A191-6D73CA91C167}"
EndProject
Global
	GlobalSection(SolutionConfigurationPlatforms) = preSolution
		Debug|Any CPU = Debug|Any CPU
		Release|Any CPU = Release|Any CPU
	EndGlobalSection
	GlobalSection(ProjectConfigurationPlatforms) = postSolution
		{B6FCDA78-B404-44BC-BBA1-DD295DE49F44}.Debug|Any CPU.ActiveCfg = Debug|Any CPU
		{B6FCDA78-B404-44BC-BBA1-DD295DE49F44}.Debug|Any CPU.Build.0 = Debug|Any CPU
		{B6FCDA78-B404-44BC-BBA1-DD295DE49F44}.Release|Any CPU.ActiveCfg = Release|Any CPU
		{B6FCDA78-B404-44BC-BBA1-DD295DE49F44}.Release|Any CPU.Build.0 = Release|Any CPU
		{F1E366E9-5B39-49E3-A191-6D73CA91C167}.Debug|Any CPU.ActiveCfg = Debug|Any CPU
		{F1E366E9-5B39-49E3-A191-6D73CA91C167}.Debug|Any CPU.Build.0 = Debug|Any CPU
		{F1E366E9-5B39-49E3-A191-6D73CA91C167}.Release|Any CPU.ActiveCfg = Release|Any CPU
		{F1E366E9-5B39-49E3-A191-6D73CA91C167}.Release|Any CPU.Build.0 = Release|Any CPU
	EndGlobalSection
	GlobalSection(SolutionProperties) = preSolution
		HideSolutionNode = FALSE
	EndGlobalSection
	GlobalSection(ExtensibilityGlobals) = postSolution
		SolutionGuid = {00231686-07C4-4BDB-B6E4-95EC8F067FA9}
	EndGlobalSection
EndGlobal
