
Microsoft Visual Studio Solution File, Format Version 12.00
# Visual Studio 15
VisualStudioVersion = 15.0.27703.2035
MinimumVisualStudioVersion = 10.0.40219.1
Project("{FAE04EC0-301F-11D3-BF4B-00C04F79EFBC}") = "ControlWindowWPF", "ControlWindowWPF\ControlWindowWPF.csproj", "{4C96194C-31D2-4780-80BB-FE77F75FAFD0}"
EndProject
Project("{FAE04EC0-301F-11D3-BF4B-00C04F79EFBC}") = "UnityNamedPipe", "..\UnityNamedPipeCommand\UnityNamedPipe.csproj", "{71593897-E7AB-4892-99FA-0DBA75D1AC54}"
EndProject
Global
	GlobalSection(SolutionConfigurationPlatforms) = preSolution
		Debug|Any CPU = Debug|Any CPU
		Release|Any CPU = Release|Any CPU
	EndGlobalSection
	GlobalSection(ProjectConfigurationPlatforms) = postSolution
		{4C96194C-31D2-4780-80BB-FE77F75FAFD0}.Debug|Any CPU.ActiveCfg = Debug|Any CPU
		{4C96194C-31D2-4780-80BB-FE77F75FAFD0}.Debug|Any CPU.Build.0 = Debug|Any CPU
		{4C96194C-31D2-4780-80BB-FE77F75FAFD0}.Release|Any CPU.ActiveCfg = Release|Any CPU
		{4C96194C-31D2-4780-80BB-FE77F75FAFD0}.Release|Any CPU.Build.0 = Release|Any CPU
		{71593897-E7AB-4892-99FA-0DBA75D1AC54}.Debug|Any CPU.ActiveCfg = Debug|Any CPU
		{71593897-E7AB-4892-99FA-0DBA75D1AC54}.Debug|Any CPU.Build.0 = Debug|Any CPU
		{71593897-E7AB-4892-99FA-0DBA75D1AC54}.Release|Any CPU.ActiveCfg = Release|Any CPU
		{71593897-E7AB-4892-99FA-0DBA75D1AC54}.Release|Any CPU.Build.0 = Release|Any CPU
	EndGlobalSection
	GlobalSection(SolutionProperties) = preSolution
		HideSolutionNode = FALSE
	EndGlobalSection
	GlobalSection(ExtensibilityGlobals) = postSolution
		SolutionGuid = {94EDB187-72D7-47F2-A937-43E36FB4260F}
	EndGlobalSection
EndGlobal
